// !$*UTF8*$!
{
	archiveVersion = 1;
	classes = {
	};
	objectVersion = 46;
	objects = {

/* Begin PBXAggregateTarget section */
		"Alchemy::AlchemyPackageTests::ProductTarget" /* AlchemyPackageTests */ = {
			isa = PBXAggregateTarget;
			buildConfigurationList = OBJ_37 /* Build configuration list for PBXAggregateTarget "AlchemyPackageTests" */;
			buildPhases = (
			);
			dependencies = (
				OBJ_40 /* PBXTargetDependency */,
			);
			name = AlchemyPackageTests;
			productName = AlchemyPackageTests;
		};
/* End PBXAggregateTarget section */

/* Begin PBXBuildFile section */
		OBJ_25 /* Builder.swift in Sources */ = {isa = PBXBuildFile; fileRef = OBJ_9 /* Builder.swift */; };
		OBJ_26 /* Get.swift in Sources */ = {isa = PBXBuildFile; fileRef = OBJ_10 /* Get.swift */; };
		OBJ_27 /* Put.swift in Sources */ = {isa = PBXBuildFile; fileRef = OBJ_11 /* Put.swift */; };
		OBJ_28 /* Serialize.swift in Sources */ = {isa = PBXBuildFile; fileRef = OBJ_12 /* Serialize.swift */; };
		OBJ_35 /* Package.swift in Sources */ = {isa = PBXBuildFile; fileRef = OBJ_6 /* Package.swift */; };
		OBJ_46 /* AlchemySpec.swift in Sources */ = {isa = PBXBuildFile; fileRef = OBJ_15 /* AlchemySpec.swift */; };
		OBJ_47 /* FileSpec.swift in Sources */ = {isa = PBXBuildFile; fileRef = OBJ_16 /* FileSpec.swift */; };
		OBJ_49 /* Alchemy.framework in Frameworks */ = {isa = PBXBuildFile; fileRef = "Alchemy::Alchemy::Product" /* Alchemy.framework */; };
/* End PBXBuildFile section */

/* Begin PBXContainerItemProxy section */
		82D36A95207F0A1A003F1092 /* PBXContainerItemProxy */ = {
			isa = PBXContainerItemProxy;
			containerPortal = OBJ_1 /* Project object */;
			proxyType = 1;
			remoteGlobalIDString = "Alchemy::Alchemy";
			remoteInfo = Alchemy;
		};
		82D36A96207F0A1A003F1092 /* PBXContainerItemProxy */ = {
			isa = PBXContainerItemProxy;
			containerPortal = OBJ_1 /* Project object */;
			proxyType = 1;
			remoteGlobalIDString = "Alchemy::AlchemyTests";
			remoteInfo = AlchemyTests;
		};
/* End PBXContainerItemProxy section */

/* Begin PBXFileReference section */
		"Alchemy::Alchemy::Product" /* Alchemy.framework */ = {isa = PBXFileReference; explicitFileType = wrapper.framework; path = Alchemy.framework; sourceTree = BUILT_PRODUCTS_DIR; };
		"Alchemy::AlchemyTests::Product" /* AlchemyTests.xctest */ = {isa = PBXFileReference; explicitFileType = wrapper.cfbundle; path = AlchemyTests.xctest; sourceTree = BUILT_PRODUCTS_DIR; };
		OBJ_10 /* Get.swift */ = {isa = PBXFileReference; lastKnownFileType = sourcecode.swift; path = Get.swift; sourceTree = "<group>"; };
		OBJ_11 /* Put.swift */ = {isa = PBXFileReference; lastKnownFileType = sourcecode.swift; path = Put.swift; sourceTree = "<group>"; };
		OBJ_12 /* Serialize.swift */ = {isa = PBXFileReference; lastKnownFileType = sourcecode.swift; path = Serialize.swift; sourceTree = "<group>"; };
		OBJ_15 /* AlchemySpec.swift */ = {isa = PBXFileReference; lastKnownFileType = sourcecode.swift; path = AlchemySpec.swift; sourceTree = "<group>"; };
		OBJ_16 /* FileSpec.swift */ = {isa = PBXFileReference; lastKnownFileType = sourcecode.swift; path = FileSpec.swift; sourceTree = "<group>"; };
		OBJ_6 /* Package.swift */ = {isa = PBXFileReference; explicitFileType = sourcecode.swift; path = Package.swift; sourceTree = "<group>"; };
		OBJ_9 /* Builder.swift */ = {isa = PBXFileReference; lastKnownFileType = sourcecode.swift; path = Builder.swift; sourceTree = "<group>"; };
/* End PBXFileReference section */

/* Begin PBXFrameworksBuildPhase section */
		OBJ_29 /* Frameworks */ = {
			isa = PBXFrameworksBuildPhase;
			buildActionMask = 0;
			files = (
			);
			runOnlyForDeploymentPostprocessing = 0;
		};
		OBJ_48 /* Frameworks */ = {
			isa = PBXFrameworksBuildPhase;
			buildActionMask = 0;
			files = (
				OBJ_49 /* Alchemy.framework in Frameworks */,
			);
			runOnlyForDeploymentPostprocessing = 0;
		};
/* End PBXFrameworksBuildPhase section */

/* Begin PBXGroup section */
		OBJ_13 /* Tests */ = {
			isa = PBXGroup;
			children = (
				OBJ_14 /* AlchemyTests */,
			);
			name = Tests;
			sourceTree = SOURCE_ROOT;
		};
		OBJ_14 /* AlchemyTests */ = {
			isa = PBXGroup;
			children = (
				OBJ_15 /* AlchemySpec.swift */,
				OBJ_16 /* FileSpec.swift */,
			);
			name = AlchemyTests;
			path = Tests/AlchemyTests;
			sourceTree = SOURCE_ROOT;
		};
		OBJ_17 /* Products */ = {
			isa = PBXGroup;
			children = (
				"Alchemy::AlchemyTests::Product" /* AlchemyTests.xctest */,
				"Alchemy::Alchemy::Product" /* Alchemy.framework */,
			);
			name = Products;
			sourceTree = BUILT_PRODUCTS_DIR;
		};
		OBJ_5 /*  */ = {
			isa = PBXGroup;
			children = (
				OBJ_6 /* Package.swift */,
				OBJ_7 /* Sources */,
				OBJ_13 /* Tests */,
				OBJ_17 /* Products */,
			);
			name = "";
			sourceTree = "<group>";
			usesTabs = 1;
		};
		OBJ_7 /* Sources */ = {
			isa = PBXGroup;
			children = (
				OBJ_8 /* Alchemy */,
			);
			name = Sources;
			sourceTree = SOURCE_ROOT;
		};
		OBJ_8 /* Alchemy */ = {
			isa = PBXGroup;
			children = (
				OBJ_9 /* Builder.swift */,
				OBJ_10 /* Get.swift */,
				OBJ_11 /* Put.swift */,
				OBJ_12 /* Serialize.swift */,
			);
			name = Alchemy;
			path = Sources/Alchemy;
			sourceTree = SOURCE_ROOT;
		};
/* End PBXGroup section */

/* Begin PBXNativeTarget section */
		"Alchemy::Alchemy" /* Alchemy */ = {
			isa = PBXNativeTarget;
			buildConfigurationList = OBJ_21 /* Build configuration list for PBXNativeTarget "Alchemy" */;
			buildPhases = (
				OBJ_24 /* Sources */,
				OBJ_29 /* Frameworks */,
			);
			buildRules = (
			);
			dependencies = (
			);
			name = Alchemy;
			productName = Alchemy;
			productReference = "Alchemy::Alchemy::Product" /* Alchemy.framework */;
			productType = "com.apple.product-type.framework";
		};
		"Alchemy::AlchemyTests" /* AlchemyTests */ = {
			isa = PBXNativeTarget;
			buildConfigurationList = OBJ_42 /* Build configuration list for PBXNativeTarget "AlchemyTests" */;
			buildPhases = (
				OBJ_45 /* Sources */,
				OBJ_48 /* Frameworks */,
			);
			buildRules = (
			);
			dependencies = (
				OBJ_50 /* PBXTargetDependency */,
			);
			name = AlchemyTests;
			productName = AlchemyTests;
			productReference = "Alchemy::AlchemyTests::Product" /* AlchemyTests.xctest */;
			productType = "com.apple.product-type.bundle.unit-test";
		};
		"Alchemy::SwiftPMPackageDescription" /* AlchemyPackageDescription */ = {
			isa = PBXNativeTarget;
			buildConfigurationList = OBJ_31 /* Build configuration list for PBXNativeTarget "AlchemyPackageDescription" */;
			buildPhases = (
				OBJ_34 /* Sources */,
			);
			buildRules = (
			);
			dependencies = (
			);
			name = AlchemyPackageDescription;
			productName = AlchemyPackageDescription;
			productType = "com.apple.product-type.framework";
		};
/* End PBXNativeTarget section */

/* Begin PBXProject section */
		OBJ_1 /* Project object */ = {
			isa = PBXProject;
			attributes = {
				LastUpgradeCheck = 0930;
			};
			buildConfigurationList = OBJ_2 /* Build configuration list for PBXProject "Alchemy" */;
			compatibilityVersion = "Xcode 3.2";
			developmentRegion = English;
			hasScannedForEncodings = 0;
			knownRegions = (
				en,
			);
			mainGroup = OBJ_5 /*  */;
			productRefGroup = OBJ_17 /* Products */;
			projectDirPath = "";
			projectRoot = "";
			targets = (
				"Alchemy::Alchemy" /* Alchemy */,
				"Alchemy::SwiftPMPackageDescription" /* AlchemyPackageDescription */,
				"Alchemy::AlchemyPackageTests::ProductTarget" /* AlchemyPackageTests */,
				"Alchemy::AlchemyTests" /* AlchemyTests */,
			);
		};
/* End PBXProject section */

/* Begin PBXSourcesBuildPhase section */
		OBJ_24 /* Sources */ = {
			isa = PBXSourcesBuildPhase;
			buildActionMask = 0;
			files = (
				OBJ_25 /* Builder.swift in Sources */,
				OBJ_26 /* Get.swift in Sources */,
				OBJ_27 /* Put.swift in Sources */,
				OBJ_28 /* Serialize.swift in Sources */,
			);
			runOnlyForDeploymentPostprocessing = 0;
		};
		OBJ_34 /* Sources */ = {
			isa = PBXSourcesBuildPhase;
			buildActionMask = 0;
			files = (
				OBJ_35 /* Package.swift in Sources */,
			);
			runOnlyForDeploymentPostprocessing = 0;
		};
		OBJ_45 /* Sources */ = {
			isa = PBXSourcesBuildPhase;
			buildActionMask = 0;
			files = (
				OBJ_46 /* AlchemySpec.swift in Sources */,
				OBJ_47 /* FileSpec.swift in Sources */,
			);
			runOnlyForDeploymentPostprocessing = 0;
		};
/* End PBXSourcesBuildPhase section */

/* Begin PBXTargetDependency section */
		OBJ_40 /* PBXTargetDependency */ = {
			isa = PBXTargetDependency;
			target = "Alchemy::AlchemyTests" /* AlchemyTests */;
			targetProxy = 82D36A96207F0A1A003F1092 /* PBXContainerItemProxy */;
		};
		OBJ_50 /* PBXTargetDependency */ = {
			isa = PBXTargetDependency;
			target = "Alchemy::Alchemy" /* Alchemy */;
			targetProxy = 82D36A95207F0A1A003F1092 /* PBXContainerItemProxy */;
		};
/* End PBXTargetDependency section */

/* Begin XCBuildConfiguration section */
		OBJ_22 /* Debug */ = {
			isa = XCBuildConfiguration;
			buildSettings = {
				ENABLE_TESTABILITY = YES;
				FRAMEWORK_SEARCH_PATHS = (
					"$(inherited)",
					"$(PLATFORM_DIR)/Developer/Library/Frameworks",
				);
				HEADER_SEARCH_PATHS = "$(inherited)";
				INFOPLIST_FILE = Alchemy.xcodeproj/Alchemy_Info.plist;
				LD_RUNPATH_SEARCH_PATHS = "$(inherited) $(TOOLCHAIN_DIR)/usr/lib/swift/macosx";
				OTHER_CFLAGS = "$(inherited)";
				OTHER_LDFLAGS = "$(inherited)";
				OTHER_SWIFT_FLAGS = "$(inherited)";
				PRODUCT_BUNDLE_IDENTIFIER = Alchemy;
				PRODUCT_MODULE_NAME = "$(TARGET_NAME:c99extidentifier)";
				PRODUCT_NAME = "$(TARGET_NAME:c99extidentifier)";
				SKIP_INSTALL = YES;
				SWIFT_VERSION = 4.0;
				TARGET_NAME = Alchemy;
			};
			name = Debug;
		};
		OBJ_23 /* Release */ = {
			isa = XCBuildConfiguration;
			buildSettings = {
				ENABLE_TESTABILITY = YES;
				FRAMEWORK_SEARCH_PATHS = (
					"$(inherited)",
					"$(PLATFORM_DIR)/Developer/Library/Frameworks",
				);
				HEADER_SEARCH_PATHS = "$(inherited)";
				INFOPLIST_FILE = Alchemy.xcodeproj/Alchemy_Info.plist;
				LD_RUNPATH_SEARCH_PATHS = "$(inherited) $(TOOLCHAIN_DIR)/usr/lib/swift/macosx";
				OTHER_CFLAGS = "$(inherited)";
				OTHER_LDFLAGS = "$(inherited)";
				OTHER_SWIFT_FLAGS = "$(inherited)";
				PRODUCT_BUNDLE_IDENTIFIER = Alchemy;
				PRODUCT_MODULE_NAME = "$(TARGET_NAME:c99extidentifier)";
				PRODUCT_NAME = "$(TARGET_NAME:c99extidentifier)";
				SKIP_INSTALL = YES;
				SWIFT_VERSION = 4.0;
				TARGET_NAME = Alchemy;
			};
			name = Release;
		};
		OBJ_3 /* Debug */ = {
			isa = XCBuildConfiguration;
			buildSettings = {
				CLANG_ENABLE_OBJC_ARC = YES;
				CLANG_WARN_BLOCK_CAPTURE_AUTORELEASING = YES;
				CLANG_WARN_BOOL_CONVERSION = YES;
				CLANG_WARN_COMMA = YES;
				CLANG_WARN_CONSTANT_CONVERSION = YES;
				CLANG_WARN_DEPRECATED_OBJC_IMPLEMENTATIONS = YES;
				CLANG_WARN_EMPTY_BODY = YES;
				CLANG_WARN_ENUM_CONVERSION = YES;
				CLANG_WARN_INFINITE_RECURSION = YES;
				CLANG_WARN_INT_CONVERSION = YES;
				CLANG_WARN_NON_LITERAL_NULL_CONVERSION = YES;
				CLANG_WARN_OBJC_IMPLICIT_RETAIN_SELF = YES;
				CLANG_WARN_OBJC_LITERAL_CONVERSION = YES;
				CLANG_WARN_RANGE_LOOP_ANALYSIS = YES;
				CLANG_WARN_STRICT_PROTOTYPES = YES;
				CLANG_WARN_SUSPICIOUS_MOVE = YES;
				CLANG_WARN_UNREACHABLE_CODE = YES;
				CLANG_WARN__DUPLICATE_METHOD_MATCH = YES;
				COMBINE_HIDPI_IMAGES = YES;
				COPY_PHASE_STRIP = NO;
				DEBUG_INFORMATION_FORMAT = dwarf;
				DYLIB_INSTALL_NAME_BASE = "@rpath";
				ENABLE_NS_ASSERTIONS = YES;
				ENABLE_STRICT_OBJC_MSGSEND = YES;
				ENABLE_TESTABILITY = YES;
				GCC_NO_COMMON_BLOCKS = YES;
				GCC_OPTIMIZATION_LEVEL = 0;
				GCC_WARN_64_TO_32_BIT_CONVERSION = YES;
				GCC_WARN_ABOUT_RETURN_TYPE = YES;
				GCC_WARN_UNDECLARED_SELECTOR = YES;
				GCC_WARN_UNINITIALIZED_AUTOS = YES;
				GCC_WARN_UNUSED_FUNCTION = YES;
				GCC_WARN_UNUSED_VARIABLE = YES;
				MACOSX_DEPLOYMENT_TARGET = 10.10;
				ONLY_ACTIVE_ARCH = YES;
				OTHER_SWIFT_FLAGS = "-DXcode";
				PRODUCT_NAME = "$(TARGET_NAME)";
				SDKROOT = macosx;
				SUPPORTED_PLATFORMS = "macosx iphoneos iphonesimulator appletvos appletvsimulator watchos watchsimulator";
				SWIFT_ACTIVE_COMPILATION_CONDITIONS = SWIFT_PACKAGE;
				SWIFT_OPTIMIZATION_LEVEL = "-Onone";
				USE_HEADERMAP = NO;
			};
			name = Debug;
		};
		OBJ_32 /* Debug */ = {
			isa = XCBuildConfiguration;
			buildSettings = {
				LD = /usr/bin/true;
				OTHER_SWIFT_FLAGS = "-swift-version 4 -I $(TOOLCHAIN_DIR)/usr/lib/swift/pm/4 -target x86_64-apple-macosx10.10 -sdk /Applications/Xcode.app/Contents/Developer/Platforms/MacOSX.platform/Developer/SDKs/MacOSX10.13.sdk";
				SWIFT_VERSION = 4.0;
			};
			name = Debug;
		};
		OBJ_33 /* Release */ = {
			isa = XCBuildConfiguration;
			buildSettings = {
				LD = /usr/bin/true;
				OTHER_SWIFT_FLAGS = "-swift-version 4 -I $(TOOLCHAIN_DIR)/usr/lib/swift/pm/4 -target x86_64-apple-macosx10.10 -sdk /Applications/Xcode.app/Contents/Developer/Platforms/MacOSX.platform/Developer/SDKs/MacOSX10.13.sdk";
				SWIFT_VERSION = 4.0;
			};
			name = Release;
		};
		OBJ_38 /* Debug */ = {
			isa = XCBuildConfiguration;
			buildSettings = {
			};
			name = Debug;
		};
		OBJ_39 /* Release */ = {
			isa = XCBuildConfiguration;
			buildSettings = {
			};
			name = Release;
		};
		OBJ_4 /* Release */ = {
			isa = XCBuildConfiguration;
			buildSettings = {
				CLANG_ENABLE_OBJC_ARC = YES;
				CLANG_WARN_BLOCK_CAPTURE_AUTORELEASING = YES;
				CLANG_WARN_BOOL_CONVERSION = YES;
				CLANG_WARN_COMMA = YES;
				CLANG_WARN_CONSTANT_CONVERSION = YES;
				CLANG_WARN_DEPRECATED_OBJC_IMPLEMENTATIONS = YES;
				CLANG_WARN_EMPTY_BODY = YES;
				CLANG_WARN_ENUM_CONVERSION = YES;
				CLANG_WARN_INFINITE_RECURSION = YES;
				CLANG_WARN_INT_CONVERSION = YES;
				CLANG_WARN_NON_LITERAL_NULL_CONVERSION = YES;
				CLANG_WARN_OBJC_IMPLICIT_RETAIN_SELF = YES;
				CLANG_WARN_OBJC_LITERAL_CONVERSION = YES;
				CLANG_WARN_RANGE_LOOP_ANALYSIS = YES;
				CLANG_WARN_STRICT_PROTOTYPES = YES;
				CLANG_WARN_SUSPICIOUS_MOVE = YES;
				CLANG_WARN_UNREACHABLE_CODE = YES;
				CLANG_WARN__DUPLICATE_METHOD_MATCH = YES;
				COMBINE_HIDPI_IMAGES = YES;
				COPY_PHASE_STRIP = YES;
				DEBUG_INFORMATION_FORMAT = "dwarf-with-dsym";
				DYLIB_INSTALL_NAME_BASE = "@rpath";
				ENABLE_STRICT_OBJC_MSGSEND = YES;
				GCC_NO_COMMON_BLOCKS = YES;
				GCC_OPTIMIZATION_LEVEL = s;
				GCC_WARN_64_TO_32_BIT_CONVERSION = YES;
				GCC_WARN_ABOUT_RETURN_TYPE = YES;
				GCC_WARN_UNDECLARED_SELECTOR = YES;
				GCC_WARN_UNINITIALIZED_AUTOS = YES;
				GCC_WARN_UNUSED_FUNCTION = YES;
				GCC_WARN_UNUSED_VARIABLE = YES;
				MACOSX_DEPLOYMENT_TARGET = 10.10;
				OTHER_SWIFT_FLAGS = "-DXcode";
				PRODUCT_NAME = "$(TARGET_NAME)";
				SDKROOT = macosx;
				SUPPORTED_PLATFORMS = "macosx iphoneos iphonesimulator appletvos appletvsimulator watchos watchsimulator";
				SWIFT_ACTIVE_COMPILATION_CONDITIONS = SWIFT_PACKAGE;
				SWIFT_OPTIMIZATION_LEVEL = "-Owholemodule";
				USE_HEADERMAP = NO;
			};
			name = Release;
		};
		OBJ_43 /* Debug */ = {
			isa = XCBuildConfiguration;
			buildSettings = {
				ALWAYS_EMBED_SWIFT_STANDARD_LIBRARIES = YES;
				FRAMEWORK_SEARCH_PATHS = (
					"$(inherited)",
					"$(PLATFORM_DIR)/Developer/Library/Frameworks",
				);
				HEADER_SEARCH_PATHS = "$(inherited)";
				INFOPLIST_FILE = Alchemy.xcodeproj/AlchemyTests_Info.plist;
				LD_RUNPATH_SEARCH_PATHS = "$(inherited) @loader_path/../Frameworks @loader_path/Frameworks";
				OTHER_CFLAGS = "$(inherited)";
				OTHER_LDFLAGS = "$(inherited)";
				OTHER_SWIFT_FLAGS = "$(inherited)";
				SWIFT_VERSION = 4.0;
				TARGET_NAME = AlchemyTests;
			};
			name = Debug;
		};
		OBJ_44 /* Release */ = {
			isa = XCBuildConfiguration;
			buildSettings = {
				ALWAYS_EMBED_SWIFT_STANDARD_LIBRARIES = YES;
				FRAMEWORK_SEARCH_PATHS = (
					"$(inherited)",
					"$(PLATFORM_DIR)/Developer/Library/Frameworks",
				);
				HEADER_SEARCH_PATHS = "$(inherited)";
				INFOPLIST_FILE = Alchemy.xcodeproj/AlchemyTests_Info.plist;
				LD_RUNPATH_SEARCH_PATHS = "$(inherited) @loader_path/../Frameworks @loader_path/Frameworks";
				OTHER_CFLAGS = "$(inherited)";
				OTHER_LDFLAGS = "$(inherited)";
				OTHER_SWIFT_FLAGS = "$(inherited)";
				SWIFT_VERSION = 4.0;
				TARGET_NAME = AlchemyTests;
			};
			name = Release;
		};
/* End XCBuildConfiguration section */

/* Begin XCConfigurationList section */
		OBJ_2 /* Build configuration list for PBXProject "Alchemy" */ = {
			isa = XCConfigurationList;
			buildConfigurations = (
				OBJ_3 /* Debug */,
				OBJ_4 /* Release */,
			);
			defaultConfigurationIsVisible = 0;
			defaultConfigurationName = Release;
		};
		OBJ_21 /* Build configuration list for PBXNativeTarget "Alchemy" */ = {
			isa = XCConfigurationList;
			buildConfigurations = (
				OBJ_22 /* Debug */,
				OBJ_23 /* Release */,
			);
			defaultConfigurationIsVisible = 0;
			defaultConfigurationName = Release;
		};
		OBJ_31 /* Build configuration list for PBXNativeTarget "AlchemyPackageDescription" */ = {
			isa = XCConfigurationList;
			buildConfigurations = (
				OBJ_32 /* Debug */,
				OBJ_33 /* Release */,
			);
			defaultConfigurationIsVisible = 0;
			defaultConfigurationName = Release;
		};
		OBJ_37 /* Build configuration list for PBXAggregateTarget "AlchemyPackageTests" */ = {
			isa = XCConfigurationList;
			buildConfigurations = (
				OBJ_38 /* Debug */,
				OBJ_39 /* Release */,
			);
			defaultConfigurationIsVisible = 0;
			defaultConfigurationName = Release;
		};
		OBJ_42 /* Build configuration list for PBXNativeTarget "AlchemyTests" */ = {
			isa = XCConfigurationList;
			buildConfigurations = (
				OBJ_43 /* Debug */,
				OBJ_44 /* Release */,
			);
			defaultConfigurationIsVisible = 0;
			defaultConfigurationName = Release;
		};
/* End XCConfigurationList section */
	};
	rootObject = OBJ_1 /* Project object */;
}
